<Solution>
  <Folder Name="/docs/">
    <File Path="../docs/README.md" />
    <File Path="../docs/DesignDocument.md" />
    <File Path="../docs/CodingGuidelines.md" />
    <File Path="../docs/Copyright.md" />
  </Folder>
  <Folder Name="/test/">
    <Project Path="test/Msfs.ControllerVisualizer.Tests.csproj" />
  </Folder>
  <Folder Name="/ux/">
    <Project Path="ux/Msfs.ControllerVisualizer.csproj" />
  </Folder>
</Solution>
